
Microsoft Visual Studio Solution File, Format Version 12.00
# Visual Studio 15
Project("{FAE04EC0-301F-11D3-BF4B-00C04F79EFBC}") = "ExceptionDocument", "ExceptionDocument.csproj", "{3AFB6DDF-F6D6-4ADD-91C4-EBDF3AF1F0DC}"
EndProject
Global
	GlobalSection(SolutionConfigurationPlatforms) = preSolution
		Debug|anycpu = Debug|anycpu
		Release|anycpu = Release|anycpu
	EndGlobalSection
	GlobalSection(ProjectConfigurationPlatforms) = postSolution
		{3AFB6DDF-F6D6-4ADD-91C4-EBDF3AF1F0DC}.Debug|anycpu.ActiveCfg = Debug|anycpu
		{3AFB6DDF-F6D6-4ADD-91C4-EBDF3AF1F0DC}.Debug|anycpu.Build.0 = Debug|anycpu
		{3AFB6DDF-F6D6-4ADD-91C4-EBDF3AF1F0DC}.Release|anycpu.ActiveCfg = Release|anycpu
		{3AFB6DDF-F6D6-4ADD-91C4-EBDF3AF1F0DC}.Release|anycpu.Build.0 = Release|anycpu
	EndGlobalSection
EndGlobal
