
Microsoft Visual Studio Solution File, Format Version 12.00
# Visual Studio 15
Project("{FAE04EC0-301F-11D3-BF4B-00C04F79EFBC}") = "InstructiuniCSharp", "InstructiuniCSharp.csproj", "{C917F642-4546-4D39-9CB1-EC7E793D1D9E}"
EndProject
Global
	GlobalSection(SolutionConfigurationPlatforms) = preSolution
		Debug|anycpu = Debug|anycpu
		Release|anycpu = Release|anycpu
	EndGlobalSection
	GlobalSection(ProjectConfigurationPlatforms) = postSolution
		{C917F642-4546-4D39-9CB1-EC7E793D1D9E}.Debug|anycpu.ActiveCfg = Debug|anycpu
		{C917F642-4546-4D39-9CB1-EC7E793D1D9E}.Debug|anycpu.Build.0 = Debug|anycpu
		{C917F642-4546-4D39-9CB1-EC7E793D1D9E}.Release|anycpu.ActiveCfg = Release|anycpu
		{C917F642-4546-4D39-9CB1-EC7E793D1D9E}.Release|anycpu.Build.0 = Release|anycpu
	EndGlobalSection
EndGlobal
