
Microsoft Visual Studio Solution File, Format Version 12.00
# Visual Studio 15
Project("{FAE04EC0-301F-11D3-BF4B-00C04F79EFBC}") = "Color", "Color.csproj", "{BB3CB78B-D2DA-4643-80EB-CB1D9A9721EF}"
EndProject
Global
	GlobalSection(SolutionConfigurationPlatforms) = preSolution
		Debug|anycpu = Debug|anycpu
		Release|anycpu = Release|anycpu
	EndGlobalSection
	GlobalSection(ProjectConfigurationPlatforms) = postSolution
		{BB3CB78B-D2DA-4643-80EB-CB1D9A9721EF}.Debug|anycpu.ActiveCfg = Debug|anycpu
		{BB3CB78B-D2DA-4643-80EB-CB1D9A9721EF}.Debug|anycpu.Build.0 = Debug|anycpu
		{BB3CB78B-D2DA-4643-80EB-CB1D9A9721EF}.Release|anycpu.ActiveCfg = Release|anycpu
		{BB3CB78B-D2DA-4643-80EB-CB1D9A9721EF}.Release|anycpu.Build.0 = Release|anycpu
	EndGlobalSection
EndGlobal
