
Microsoft Visual Studio Solution File, Format Version 12.00
# Visual Studio 15
Project("{FAE04EC0-301F-11D3-BF4B-00C04F79EFBC}") = "TemperatureConverter", "TemperatureConverter.csproj", "{9FF672EE-FCDE-4ADA-B8A1-668CEC2A8C31}"
EndProject
Global
	GlobalSection(SolutionConfigurationPlatforms) = preSolution
		Debug|anycpu = Debug|anycpu
		Release|anycpu = Release|anycpu
	EndGlobalSection
	GlobalSection(ProjectConfigurationPlatforms) = postSolution
		{9FF672EE-FCDE-4ADA-B8A1-668CEC2A8C31}.Debug|anycpu.ActiveCfg = Debug|anycpu
		{9FF672EE-FCDE-4ADA-B8A1-668CEC2A8C31}.Debug|anycpu.Build.0 = Debug|anycpu
		{9FF672EE-FCDE-4ADA-B8A1-668CEC2A8C31}.Release|anycpu.ActiveCfg = Release|anycpu
		{9FF672EE-FCDE-4ADA-B8A1-668CEC2A8C31}.Release|anycpu.Build.0 = Release|anycpu
	EndGlobalSection
EndGlobal
