
Microsoft Visual Studio Solution File, Format Version 12.00
# Visual Studio 15
Project("{FAE04EC0-301F-11D3-BF4B-00C04F79EFBC}") = "Interface", "Interface.csproj", "{447878B2-4E1E-4DB4-828E-84263C0B6C7E}"
EndProject
Global
	GlobalSection(SolutionConfigurationPlatforms) = preSolution
		Debug|anycpu = Debug|anycpu
		Release|anycpu = Release|anycpu
	EndGlobalSection
	GlobalSection(ProjectConfigurationPlatforms) = postSolution
		{447878B2-4E1E-4DB4-828E-84263C0B6C7E}.Debug|anycpu.ActiveCfg = Debug|anycpu
		{447878B2-4E1E-4DB4-828E-84263C0B6C7E}.Debug|anycpu.Build.0 = Debug|anycpu
		{447878B2-4E1E-4DB4-828E-84263C0B6C7E}.Release|anycpu.ActiveCfg = Release|anycpu
		{447878B2-4E1E-4DB4-828E-84263C0B6C7E}.Release|anycpu.Build.0 = Release|anycpu
	EndGlobalSection
EndGlobal
